
Microsoft Visual Studio Solution File, Format Version 12.00
# Visual Studio Version 17
VisualStudioVersion = 17.14.36908.2
MinimumVisualStudioVersion = 10.0.40219.1
Project("{FAE04EC0-301F-11D3-BF4B-00C04F79EFBC}") = "EduCollab.Api", "EduCollab.Api\EduCollab.Api.csproj", "{A46162D9-5965-4C2F-B85E-60B20ED9E902}"
EndProject
Project("{FAE04EC0-301F-11D3-BF4B-00C04F79EFBC}") = "EduCollab.Contracts", "EduCollab.Contracts\EduCollab.Contracts.csproj", "{FA290F3F-203E-48B8-AE55-FBBA14BF120E}"
EndProject
Project("{FAE04EC0-301F-11D3-BF4B-00C04F79EFBC}") = "EduCollab.Application", "EduCollab.Application\EduCollab.Application.csproj", "{F7EFF198-2864-48C5-B9E3-BB91A54F5D12}"
EndProject
Project("{FAE04EC0-301F-11D3-BF4B-00C04F79EFBC}") = "EduCollab.Infrastructure", "EduCollab.Infrastructure\EduCollab.Infrastructure.csproj", "{8D795EE8-775E-42AA-A166-5D6E3AA3266B}"
EndProject
Project("{FAE04EC0-301F-11D3-BF4B-00C04F79EFBC}") = "EduCollab.Api.Tests", "EduCollab.Api.Tests\EduCollab.Api.Tests.csproj", "{3A01071E-DF7B-43AA-85AE-6BEE34202A40}"
EndProject
Project("{E53339B2-1760-4266-BCC7-CA923CBCF16C}") = "docker-compose", "docker-compose.dcproj", "{B84D5E6F-7C8A-4D2E-9F1A-3B4C5D6E7F8A}"
EndProject
Global
	GlobalSection(SolutionConfigurationPlatforms) = preSolution
		Debug|Any CPU = Debug|Any CPU
		Debug|x64 = Debug|x64
		Debug|x86 = Debug|x86
		Release|Any CPU = Release|Any CPU
		Release|x64 = Release|x64
		Release|x86 = Release|x86
	EndGlobalSection
	GlobalSection(ProjectConfigurationPlatforms) = postSolution
		{A46162D9-5965-4C2F-B85E-60B20ED9E902}.Debug|Any CPU.ActiveCfg = Debug|Any CPU
		{A46162D9-5965-4C2F-B85E-60B20ED9E902}.Debug|Any CPU.Build.0 = Debug|Any CPU
		{A46162D9-5965-4C2F-B85E-60B20ED9E902}.Debug|x64.ActiveCfg = Debug|Any CPU
		{A46162D9-5965-4C2F-B85E-60B20ED9E902}.Debug|x64.Build.0 = Debug|Any CPU
		{A46162D9-5965-4C2F-B85E-60B20ED9E902}.Debug|x86.ActiveCfg = Debug|Any CPU
		{A46162D9-5965-4C2F-B85E-60B20ED9E902}.Debug|x86.Build.0 = Debug|Any CPU
		{A46162D9-5965-4C2F-B85E-60B20ED9E902}.Release|Any CPU.ActiveCfg = Release|Any CPU
		{A46162D9-5965-4C2F-B85E-60B20ED9E902}.Release|Any CPU.Build.0 = Release|Any CPU
		{A46162D9-5965-4C2F-B85E-60B20ED9E902}.Release|x64.ActiveCfg = Release|Any CPU
		{A46162D9-5965-4C2F-B85E-60B20ED9E902}.Release|x64.Build.0 = Release|Any CPU
		{A46162D9-5965-4C2F-B85E-60B20ED9E902}.Release|x86.ActiveCfg = Release|Any CPU
		{A46162D9-5965-4C2F-B85E-60B20ED9E902}.Release|x86.Build.0 = Release|Any CPU
		{FA290F3F-203E-48B8-AE55-FBBA14BF120E}.Debug|Any CPU.ActiveCfg = Debug|Any CPU
		{FA290F3F-203E-48B8-AE55-FBBA14BF120E}.Debug|Any CPU.Build.0 = Debug|Any CPU
		{FA290F3F-203E-48B8-AE55-FBBA14BF120E}.Debug|x64.ActiveCfg = Debug|Any CPU
		{FA290F3F-203E-48B8-AE55-FBBA14BF120E}.Debug|x64.Build.0 = Debug|Any CPU
		{FA290F3F-203E-48B8-AE55-FBBA14BF120E}.Debug|x86.ActiveCfg = Debug|Any CPU
		{FA290F3F-203E-48B8-AE55-FBBA14BF120E}.Debug|x86.Build.0 = Debug|Any CPU
		{FA290F3F-203E-48B8-AE55-FBBA14BF120E}.Release|Any CPU.ActiveCfg = Release|Any CPU
		{FA290F3F-203E-48B8-AE55-FBBA14BF120E}.Release|Any CPU.Build.0 = Release|Any CPU
		{FA290F3F-203E-48B8-AE55-FBBA14BF120E}.Release|x64.ActiveCfg = Release|Any CPU
		{FA290F3F-203E-48B8-AE55-FBBA14BF120E}.Release|x64.Build.0 = Release|Any CPU
		{FA290F3F-203E-48B8-AE55-FBBA14BF120E}.Release|x86.ActiveCfg = Release|Any CPU
		{FA290F3F-203E-48B8-AE55-FBBA14BF120E}.Release|x86.Build.0 = Release|Any CPU
		{F7EFF198-2864-48C5-B9E3-BB91A54F5D12}.Debug|Any CPU.ActiveCfg = Debug|Any CPU
		{F7EFF198-2864-48C5-B9E3-BB91A54F5D12}.Debug|Any CPU.Build.0 = Debug|Any CPU
		{F7EFF198-2864-48C5-B9E3-BB91A54F5D12}.Debug|x64.ActiveCfg = Debug|Any CPU
		{F7EFF198-2864-48C5-B9E3-BB91A54F5D12}.Debug|x64.Build.0 = Debug|Any CPU
		{F7EFF198-2864-48C5-B9E3-BB91A54F5D12}.Debug|x86.ActiveCfg = Debug|Any CPU
		{F7EFF198-2864-48C5-B9E3-BB91A54F5D12}.Debug|x86.Build.0 = Debug|Any CPU
		{F7EFF198-2864-48C5-B9E3-BB91A54F5D12}.Release|Any CPU.ActiveCfg = Release|Any CPU
		{F7EFF198-2864-48C5-B9E3-BB91A54F5D12}.Release|Any CPU.Build.0 = Release|Any CPU
		{F7EFF198-2864-48C5-B9E3-BB91A54F5D12}.Release|x64.ActiveCfg = Release|Any CPU
		{F7EFF198-2864-48C5-B9E3-BB91A54F5D12}.Release|x64.Build.0 = Release|Any CPU
		{F7EFF198-2864-48C5-B9E3-BB91A54F5D12}.Release|x86.ActiveCfg = Release|Any CPU
		{F7EFF198-2864-48C5-B9E3-BB91A54F5D12}.Release|x86.Build.0 = Release|Any CPU
		{8D795EE8-775E-42AA-A166-5D6E3AA3266B}.Debug|Any CPU.ActiveCfg = Debug|Any CPU
		{8D795EE8-775E-42AA-A166-5D6E3AA3266B}.Debug|Any CPU.Build.0 = Debug|Any CPU
		{8D795EE8-775E-42AA-A166-5D6E3AA3266B}.Debug|x64.ActiveCfg = Debug|Any CPU
		{8D795EE8-775E-42AA-A166-5D6E3AA3266B}.Debug|x64.Build.0 = Debug|Any CPU
		{8D795EE8-775E-42AA-A166-5D6E3AA3266B}.Debug|x86.ActiveCfg = Debug|Any CPU
		{8D795EE8-775E-42AA-A166-5D6E3AA3266B}.Debug|x86.Build.0 = Debug|Any CPU
		{8D795EE8-775E-42AA-A166-5D6E3AA3266B}.Release|Any CPU.ActiveCfg = Release|Any CPU
		{8D795EE8-775E-42AA-A166-5D6E3AA3266B}.Release|Any CPU.Build.0 = Release|Any CPU
		{8D795EE8-775E-42AA-A166-5D6E3AA3266B}.Release|x64.ActiveCfg = Release|Any CPU
		{8D795EE8-775E-42AA-A166-5D6E3AA3266B}.Release|x64.Build.0 = Release|Any CPU
		{8D795EE8-775E-42AA-A166-5D6E3AA3266B}.Release|x86.ActiveCfg = Release|Any CPU
		{8D795EE8-775E-42AA-A166-5D6E3AA3266B}.Release|x86.Build.0 = Release|Any CPU
		{3A01071E-DF7B-43AA-85AE-6BEE34202A40}.Debug|Any CPU.ActiveCfg = Debug|Any CPU
		{3A01071E-DF7B-43AA-85AE-6BEE34202A40}.Debug|Any CPU.Build.0 = Debug|Any CPU
		{3A01071E-DF7B-43AA-85AE-6BEE34202A40}.Debug|x64.ActiveCfg = Debug|Any CPU
		{3A01071E-DF7B-43AA-85AE-6BEE34202A40}.Debug|x64.Build.0 = Debug|Any CPU
		{3A01071E-DF7B-43AA-85AE-6BEE34202A40}.Debug|x86.ActiveCfg = Debug|Any CPU
		{3A01071E-DF7B-43AA-85AE-6BEE34202A40}.Debug|x86.Build.0 = Debug|Any CPU
		{3A01071E-DF7B-43AA-85AE-6BEE34202A40}.Release|Any CPU.ActiveCfg = Release|Any CPU
		{3A01071E-DF7B-43AA-85AE-6BEE34202A40}.Release|Any CPU.Build.0 = Release|Any CPU
		{3A01071E-DF7B-43AA-85AE-6BEE34202A40}.Release|x64.ActiveCfg = Release|Any CPU
		{3A01071E-DF7B-43AA-85AE-6BEE34202A40}.Release|x64.Build.0 = Release|Any CPU
		{3A01071E-DF7B-43AA-85AE-6BEE34202A40}.Release|x86.ActiveCfg = Release|Any CPU
		{3A01071E-DF7B-43AA-85AE-6BEE34202A40}.Release|x86.Build.0 = Release|Any CPU
		{B84D5E6F-7C8A-4D2E-9F1A-3B4C5D6E7F8A}.Debug|Any CPU.ActiveCfg = Debug|Any CPU
		{B84D5E6F-7C8A-4D2E-9F1A-3B4C5D6E7F8A}.Debug|Any CPU.Build.0 = Debug|Any CPU
		{B84D5E6F-7C8A-4D2E-9F1A-3B4C5D6E7F8A}.Debug|x64.ActiveCfg = Debug|Any CPU
		{B84D5E6F-7C8A-4D2E-9F1A-3B4C5D6E7F8A}.Debug|x64.Build.0 = Debug|Any CPU
		{B84D5E6F-7C8A-4D2E-9F1A-3B4C5D6E7F8A}.Debug|x86.ActiveCfg = Debug|Any CPU
		{B84D5E6F-7C8A-4D2E-9F1A-3B4C5D6E7F8A}.Debug|x86.Build.0 = Debug|Any CPU
		{B84D5E6F-7C8A-4D2E-9F1A-3B4C5D6E7F8A}.Release|Any CPU.ActiveCfg = Release|Any CPU
		{B84D5E6F-7C8A-4D2E-9F1A-3B4C5D6E7F8A}.Release|Any CPU.Build.0 = Release|Any CPU
		{B84D5E6F-7C8A-4D2E-9F1A-3B4C5D6E7F8A}.Release|x64.ActiveCfg = Release|Any CPU
		{B84D5E6F-7C8A-4D2E-9F1A-3B4C5D6E7F8A}.Release|x64.Build.0 = Release|Any CPU
		{B84D5E6F-7C8A-4D2E-9F1A-3B4C5D6E7F8A}.Release|x86.ActiveCfg = Release|Any CPU
		{B84D5E6F-7C8A-4D2E-9F1A-3B4C5D6E7F8A}.Release|x86.Build.0 = Release|Any CPU
	EndGlobalSection
	GlobalSection(SolutionProperties) = preSolution
		HideSolutionNode = FALSE
	EndGlobalSection
	GlobalSection(ExtensibilityGlobals) = postSolution
		SolutionGuid = {390A7842-6243-46A8-BCB8-51B3F572FE02}
	EndGlobalSection
EndGlobal
